
Microsoft Visual Studio Solution File, Format Version 12.00
# Visual Studio Version 17
VisualStudioVersion = 17.3.32922.545
MinimumVisualStudioVersion = 10.0.40219.1
Project("{9A19103F-16F7-4668-BE54-9A1E7A4F7556}") = "GenerateStateContainer", "GenerateStateContainer\GenerateStateContainer.csproj", "{203D9A76-050D-4BA2-8BAD-CEC026F434F9}"
EndProject
Global
	GlobalSection(SolutionConfigurationPlatforms) = preSolution
		Debug|Any CPU = Debug|Any CPU
		Release|Any CPU = Release|Any CPU
	EndGlobalSection
	GlobalSection(ProjectConfigurationPlatforms) = postSolution
		{203D9A76-050D-4BA2-8BAD-CEC026F434F9}.Debug|Any CPU.ActiveCfg = Debug|Any CPU
		{203D9A76-050D-4BA2-8BAD-CEC026F434F9}.Debug|Any CPU.Build.0 = Debug|Any CPU
		{203D9A76-050D-4BA2-8BAD-CEC026F434F9}.Release|Any CPU.ActiveCfg = Release|Any CPU
		{203D9A76-050D-4BA2-8BAD-CEC026F434F9}.Release|Any CPU.Build.0 = Release|Any CPU
	EndGlobalSection
	GlobalSection(SolutionProperties) = preSolution
		HideSolutionNode = FALSE
	EndGlobalSection
	GlobalSection(ExtensibilityGlobals) = postSolution
		SolutionGuid = {EDEB5FA6-FCE3-4753-9D0C-1968F7C49B71}
	EndGlobalSection
EndGlobal
